
Microsoft Visual Studio Solution File, Format Version 12.00
# Visual Studio 14
VisualStudioVersion = 14.0.25420.1
MinimumVisualStudioVersion = 10.0.40219.1
Project("{FAE04EC0-301F-11D3-BF4B-00C04F79EFBC}") = "ReferenceDataCollection", "DataCollection\ReferenceDataCollection.csproj", "{BB562136-CCDC-42A9-9211-35893D1B6548}"
EndProject
Project("{FAE04EC0-301F-11D3-BF4B-00C04F79EFBC}") = "Stream", "Stream\Stream.csproj", "{F877F41B-5A40-46F0-A2E2-A99774CA2F12}"
EndProject
Project("{FAE04EC0-301F-11D3-BF4B-00C04F79EFBC}") = "DataCollectionInterface", "DataCollectionInterface\DataCollectionInterface.csproj", "{86760932-5215-4ADC-A445-1389DD99ECB7}"
EndProject
Project("{FAE04EC0-301F-11D3-BF4B-00C04F79EFBC}") = "ExerciseAssistantApplication", "ExerciseAssistantApplication\ExerciseAssistantApplication.csproj", "{720743E0-7902-4AE3-AC72-9848506BDFBF}"
EndProject
Project("{FAE04EC0-301F-11D3-BF4B-00C04F79EFBC}") = "SkeletonCompare", "SkeletonCompare\SkeletonCompare.csproj", "{81703D05-7514-4388-9EBB-AF9C62958145}"
EndProject
Global
	GlobalSection(SolutionConfigurationPlatforms) = preSolution
		Debug|Any CPU = Debug|Any CPU
		Release|Any CPU = Release|Any CPU
	EndGlobalSection
	GlobalSection(ProjectConfigurationPlatforms) = postSolution
		{BB562136-CCDC-42A9-9211-35893D1B6548}.Debug|Any CPU.ActiveCfg = Debug|Any CPU
		{BB562136-CCDC-42A9-9211-35893D1B6548}.Debug|Any CPU.Build.0 = Debug|Any CPU
		{BB562136-CCDC-42A9-9211-35893D1B6548}.Release|Any CPU.ActiveCfg = Release|Any CPU
		{BB562136-CCDC-42A9-9211-35893D1B6548}.Release|Any CPU.Build.0 = Release|Any CPU
		{F877F41B-5A40-46F0-A2E2-A99774CA2F12}.Debug|Any CPU.ActiveCfg = Debug|Any CPU
		{F877F41B-5A40-46F0-A2E2-A99774CA2F12}.Debug|Any CPU.Build.0 = Debug|Any CPU
		{F877F41B-5A40-46F0-A2E2-A99774CA2F12}.Release|Any CPU.ActiveCfg = Release|Any CPU
		{F877F41B-5A40-46F0-A2E2-A99774CA2F12}.Release|Any CPU.Build.0 = Release|Any CPU
		{86760932-5215-4ADC-A445-1389DD99ECB7}.Debug|Any CPU.ActiveCfg = Debug|Any CPU
		{86760932-5215-4ADC-A445-1389DD99ECB7}.Debug|Any CPU.Build.0 = Debug|Any CPU
		{86760932-5215-4ADC-A445-1389DD99ECB7}.Release|Any CPU.ActiveCfg = Release|Any CPU
		{86760932-5215-4ADC-A445-1389DD99ECB7}.Release|Any CPU.Build.0 = Release|Any CPU
		{720743E0-7902-4AE3-AC72-9848506BDFBF}.Debug|Any CPU.ActiveCfg = Debug|Any CPU
		{720743E0-7902-4AE3-AC72-9848506BDFBF}.Debug|Any CPU.Build.0 = Debug|Any CPU
		{720743E0-7902-4AE3-AC72-9848506BDFBF}.Release|Any CPU.ActiveCfg = Release|Any CPU
		{720743E0-7902-4AE3-AC72-9848506BDFBF}.Release|Any CPU.Build.0 = Release|Any CPU
		{81703D05-7514-4388-9EBB-AF9C62958145}.Debug|Any CPU.ActiveCfg = Debug|Any CPU
		{81703D05-7514-4388-9EBB-AF9C62958145}.Debug|Any CPU.Build.0 = Debug|Any CPU
		{81703D05-7514-4388-9EBB-AF9C62958145}.Release|Any CPU.ActiveCfg = Release|Any CPU
		{81703D05-7514-4388-9EBB-AF9C62958145}.Release|Any CPU.Build.0 = Release|Any CPU
	EndGlobalSection
	GlobalSection(SolutionProperties) = preSolution
		HideSolutionNode = FALSE
	EndGlobalSection
EndGlobal
